
Microsoft Visual Studio Solution File, Format Version 12.00
# Visual Studio 15
Project("{FAE04EC0-301F-11D3-BF4B-00C04F79EFBC}") = "Assembly-CSharp", "Assembly-CSharp.csproj", "{CCEEC2CF-85EC-0E5F-0227-F1BF3756AAE0}"
EndProject
Global
	GlobalSection(SolutionConfigurationPlatforms) = preSolution
		Debug|Any CPU = Debug|Any CPU
		Release|Any CPU = Release|Any CPU
	EndGlobalSection
	GlobalSection(ProjectConfigurationPlatforms) = postSolution
		{CCEEC2CF-85EC-0E5F-0227-F1BF3756AAE0}.Debug|Any CPU.ActiveCfg = Debug|Any CPU
		{CCEEC2CF-85EC-0E5F-0227-F1BF3756AAE0}.Debug|Any CPU.Build.0 = Debug|Any CPU
		{CCEEC2CF-85EC-0E5F-0227-F1BF3756AAE0}.Release|Any CPU.ActiveCfg = Release|Any CPU
		{CCEEC2CF-85EC-0E5F-0227-F1BF3756AAE0}.Release|Any CPU.Build.0 = Release|Any CPU
	EndGlobalSection
	GlobalSection(SolutionProperties) = preSolution
		HideSolutionNode = FALSE
	EndGlobalSection
EndGlobal
